
Microsoft Visual Studio Solution File, Format Version 12.00
# Visual Studio Version 17
VisualStudioVersion = 17.6.33815.320
MinimumVisualStudioVersion = 10.0.40219.1
Project("{FAE04EC0-301F-11D3-BF4B-00C04F79EFBC}") = "Tic Tac Toe", "Tic Tac Toe\Tic Tac Toe.csproj", "{88DFCC19-E099-45D5-AC6B-AA1516B6B329}"
EndProject
Global
	GlobalSection(SolutionConfigurationPlatforms) = preSolution
		Debug|Any CPU = Debug|Any CPU
		Release|Any CPU = Release|Any CPU
	EndGlobalSection
	GlobalSection(ProjectConfigurationPlatforms) = postSolution
		{88DFCC19-E099-45D5-AC6B-AA1516B6B329}.Debug|Any CPU.ActiveCfg = Debug|Any CPU
		{88DFCC19-E099-45D5-AC6B-AA1516B6B329}.Debug|Any CPU.Build.0 = Debug|Any CPU
		{88DFCC19-E099-45D5-AC6B-AA1516B6B329}.Release|Any CPU.ActiveCfg = Release|Any CPU
		{88DFCC19-E099-45D5-AC6B-AA1516B6B329}.Release|Any CPU.Build.0 = Release|Any CPU
	EndGlobalSection
	GlobalSection(SolutionProperties) = preSolution
		HideSolutionNode = FALSE
	EndGlobalSection
	GlobalSection(ExtensibilityGlobals) = postSolution
		SolutionGuid = {09C01F4D-4121-4CFF-B82B-A5D364291AB8}
	EndGlobalSection
EndGlobal
